// !$*UTF8*$!
{
	archiveVersion = 1;
	classes = {
	};
	objectVersion = 50;
	objects = {

/* Begin PBXBuildFile section */
		26CE8F4324A2F29600A4D53C /* AppDelegate.swift in Sources */ = {isa = PBXBuildFile; fileRef = 26CE8F4224A2F29600A4D53C /* AppDelegate.swift */; };
		26CE8F4524A2F29600A4D53C /* SceneDelegate.swift in Sources */ = {isa = PBXBuildFile; fileRef = 26CE8F4424A2F29600A4D53C /* SceneDelegate.swift */; };
		26CE8F4724A2F29600A4D53C /* ViewController.swift in Sources */ = {isa = PBXBuildFile; fileRef = 26CE8F4624A2F29600A4D53C /* ViewController.swift */; };
		26CE8F4A24A2F29600A4D53C /* Main.storyboard in Resources */ = {isa = PBXBuildFile; fileRef = 26CE8F4824A2F29600A4D53C /* Main.storyboard */; };
		26CE8F4C24A2F29800A4D53C /* Assets.xcassets in Resources */ = {isa = PBXBuildFile; fileRef = 26CE8F4B24A2F29800A4D53C /* Assets.xcassets */; };
		26CE8F4F24A2F29800A4D53C /* LaunchScreen.storyboard in Resources */ = {isa = PBXBuildFile; fileRef = 26CE8F4D24A2F29800A4D53C /* LaunchScreen.storyboard */; };
		26CE8F5A24A2F29800A4D53C /* CardsTests.swift in Sources */ = {isa = PBXBuildFile; fileRef = 26CE8F5924A2F29800A4D53C /* CardsTests.swift */; };
		26CE8F6524A2F29800A4D53C /* CardsUITests.swift in Sources */ = {isa = PBXBuildFile; fileRef = 26CE8F6424A2F29800A4D53C /* CardsUITests.swift */; };
		26CE8F7D24A2F30C00A4D53C /* CardCCell.xib in Resources */ = {isa = PBXBuildFile; fileRef = 26CE8F7324A2F30C00A4D53C /* CardCCell.xib */; };
		26CE8F7E24A2F30C00A4D53C /* CardBCell.xib in Resources */ = {isa = PBXBuildFile; fileRef = 26CE8F7424A2F30C00A4D53C /* CardBCell.xib */; };
		26CE8F7F24A2F30C00A4D53C /* CardCCell.swift in Sources */ = {isa = PBXBuildFile; fileRef = 26CE8F7524A2F30C00A4D53C /* CardCCell.swift */; };
		26CE8F8024A2F30C00A4D53C /* CardDCell.swift in Sources */ = {isa = PBXBuildFile; fileRef = 26CE8F7624A2F30C00A4D53C /* CardDCell.swift */; };
		26CE8F8124A2F30C00A4D53C /* CardBCell.swift in Sources */ = {isa = PBXBuildFile; fileRef = 26CE8F7724A2F30C00A4D53C /* CardBCell.swift */; };
		26CE8F8224A2F30C00A4D53C /* CardACell.xib in Resources */ = {isa = PBXBuildFile; fileRef = 26CE8F7824A2F30C00A4D53C /* CardACell.xib */; };
		26CE8F8324A2F30C00A4D53C /* CardACell.swift in Sources */ = {isa = PBXBuildFile; fileRef = 26CE8F7924A2F30C00A4D53C /* CardACell.swift */; };
		26CE8F8524A2F30C00A4D53C /* BannerViewCell.swift in Sources */ = {isa = PBXBuildFile; fileRef = 26CE8F7C24A2F30C00A4D53C /* BannerViewCell.swift */; };
		26CE8F9324A2F3B200A4D53C /* UIviewController+Current.swift in Sources */ = {isa = PBXBuildFile; fileRef = 26CE8F8924A2F3B200A4D53C /* UIviewController+Current.swift */; };
		26CE8F9424A2F3B200A4D53C /* UIView+Shadow.swift in Sources */ = {isa = PBXBuildFile; fileRef = 26CE8F8A24A2F3B200A4D53C /* UIView+Shadow.swift */; };
		26CE8F9524A2F3B200A4D53C /* CardCell.swift in Sources */ = {isa = PBXBuildFile; fileRef = 26CE8F8C24A2F3B200A4D53C /* CardCell.swift */; };
		26CE8F9624A2F3B200A4D53C /* CustomFlipTransition.swift in Sources */ = {isa = PBXBuildFile; fileRef = 26CE8F8D24A2F3B200A4D53C /* CustomFlipTransition.swift */; };
		26CE8F9724A2F3B200A4D53C /* CustomCardLayout.swift in Sources */ = {isa = PBXBuildFile; fileRef = 26CE8F8E24A2F3B200A4D53C /* CustomCardLayout.swift */; };
		26CE8F9924A2F3B200A4D53C /* MMCardCollectionView.swift in Sources */ = {isa = PBXBuildFile; fileRef = 26CE8F9024A2F3B200A4D53C /* MMCardCollectionView.swift */; };
		26CE8F9A24A2F3B200A4D53C /* CollectionViewCalculate.swift in Sources */ = {isa = PBXBuildFile; fileRef = 26CE8F9124A2F3B200A4D53C /* CollectionViewCalculate.swift */; };
/* End PBXBuildFile section */

/* Begin PBXContainerItemProxy section */
		26CE8F5624A2F29800A4D53C /* PBXContainerItemProxy */ = {
			isa = PBXContainerItemProxy;
			containerPortal = 26CE8F3724A2F29600A4D53C /* Project object */;
			proxyType = 1;
			remoteGlobalIDString = 26CE8F3E24A2F29600A4D53C;
			remoteInfo = Cards;
		};
		26CE8F6124A2F29800A4D53C /* PBXContainerItemProxy */ = {
			isa = PBXContainerItemProxy;
			containerPortal = 26CE8F3724A2F29600A4D53C /* Project object */;
			proxyType = 1;
			remoteGlobalIDString = 26CE8F3E24A2F29600A4D53C;
			remoteInfo = Cards;
		};
/* End PBXContainerItemProxy section */

/* Begin PBXFileReference section */
		26CE8F3F24A2F29600A4D53C /* Cards.app */ = {isa = PBXFileReference; explicitFileType = wrapper.application; includeInIndex = 0; path = Cards.app; sourceTree = BUILT_PRODUCTS_DIR; };
		26CE8F4224A2F29600A4D53C /* AppDelegate.swift */ = {isa = PBXFileReference; lastKnownFileType = sourcecode.swift; path = AppDelegate.swift; sourceTree = "<group>"; };
		26CE8F4424A2F29600A4D53C /* SceneDelegate.swift */ = {isa = PBXFileReference; lastKnownFileType = sourcecode.swift; path = SceneDelegate.swift; sourceTree = "<group>"; };
		26CE8F4624A2F29600A4D53C /* ViewController.swift */ = {isa = PBXFileReference; lastKnownFileType = sourcecode.swift; path = ViewController.swift; sourceTree = "<group>"; };
		26CE8F4924A2F29600A4D53C /* Base */ = {isa = PBXFileReference; lastKnownFileType = file.storyboard; name = Base; path = Base.lproj/Main.storyboard; sourceTree = "<group>"; };
		26CE8F4B24A2F29800A4D53C /* Assets.xcassets */ = {isa = PBXFileReference; lastKnownFileType = folder.assetcatalog; path = Assets.xcassets; sourceTree = "<group>"; };
		26CE8F4E24A2F29800A4D53C /* Base */ = {isa = PBXFileReference; lastKnownFileType = file.storyboard; name = Base; path = Base.lproj/LaunchScreen.storyboard; sourceTree = "<group>"; };
		26CE8F5024A2F29800A4D53C /* Info.plist */ = {isa = PBXFileReference; lastKnownFileType = text.plist.xml; path = Info.plist; sourceTree = "<group>"; };
		26CE8F5524A2F29800A4D53C /* CardsTests.xctest */ = {isa = PBXFileReference; explicitFileType = wrapper.cfbundle; includeInIndex = 0; path = CardsTests.xctest; sourceTree = BUILT_PRODUCTS_DIR; };
		26CE8F5924A2F29800A4D53C /* CardsTests.swift */ = {isa = PBXFileReference; lastKnownFileType = sourcecode.swift; path = CardsTests.swift; sourceTree = "<group>"; };
		26CE8F5B24A2F29800A4D53C /* Info.plist */ = {isa = PBXFileReference; lastKnownFileType = text.plist.xml; path = Info.plist; sourceTree = "<group>"; };
		26CE8F6024A2F29800A4D53C /* CardsUITests.xctest */ = {isa = PBXFileReference; explicitFileType = wrapper.cfbundle; includeInIndex = 0; path = CardsUITests.xctest; sourceTree = BUILT_PRODUCTS_DIR; };
		26CE8F6424A2F29800A4D53C /* CardsUITests.swift */ = {isa = PBXFileReference; lastKnownFileType = sourcecode.swift; path = CardsUITests.swift; sourceTree = "<group>"; };
		26CE8F6624A2F29800A4D53C /* Info.plist */ = {isa = PBXFileReference; lastKnownFileType = text.plist.xml; path = Info.plist; sourceTree = "<group>"; };
		26CE8F7324A2F30C00A4D53C /* CardCCell.xib */ = {isa = PBXFileReference; fileEncoding = 4; lastKnownFileType = file.xib; path = CardCCell.xib; sourceTree = "<group>"; };
		26CE8F7424A2F30C00A4D53C /* CardBCell.xib */ = {isa = PBXFileReference; fileEncoding = 4; lastKnownFileType = file.xib; path = CardBCell.xib; sourceTree = "<group>"; };
		26CE8F7524A2F30C00A4D53C /* CardCCell.swift */ = {isa = PBXFileReference; fileEncoding = 4; lastKnownFileType = sourcecode.swift; path = CardCCell.swift; sourceTree = "<group>"; };
		26CE8F7624A2F30C00A4D53C /* CardDCell.swift */ = {isa = PBXFileReference; fileEncoding = 4; lastKnownFileType = sourcecode.swift; path = CardDCell.swift; sourceTree = "<group>"; };
		26CE8F7724A2F30C00A4D53C /* CardBCell.swift */ = {isa = PBXFileReference; fileEncoding = 4; lastKnownFileType = sourcecode.swift; path = CardBCell.swift; sourceTree = "<group>"; };
		26CE8F7824A2F30C00A4D53C /* CardACell.xib */ = {isa = PBXFileReference; fileEncoding = 4; lastKnownFileType = file.xib; path = CardACell.xib; sourceTree = "<group>"; };
		26CE8F7924A2F30C00A4D53C /* CardACell.swift */ = {isa = PBXFileReference; fileEncoding = 4; lastKnownFileType = sourcecode.swift; path = CardACell.swift; sourceTree = "<group>"; };
		26CE8F7C24A2F30C00A4D53C /* BannerViewCell.swift */ = {isa = PBXFileReference; fileEncoding = 4; lastKnownFileType = sourcecode.swift; path = BannerViewCell.swift; sourceTree = "<group>"; };
		26CE8F8924A2F3B200A4D53C /* UIviewController+Current.swift */ = {isa = PBXFileReference; fileEncoding = 4; lastKnownFileType = sourcecode.swift; path = "UIviewController+Current.swift"; sourceTree = "<group>"; };
		26CE8F8A24A2F3B200A4D53C /* UIView+Shadow.swift */ = {isa = PBXFileReference; fileEncoding = 4; lastKnownFileType = sourcecode.swift; path = "UIView+Shadow.swift"; sourceTree = "<group>"; };
		26CE8F8C24A2F3B200A4D53C /* CardCell.swift */ = {isa = PBXFileReference; fileEncoding = 4; lastKnownFileType = sourcecode.swift; path = CardCell.swift; sourceTree = "<group>"; };
		26CE8F8D24A2F3B200A4D53C /* CustomFlipTransition.swift */ = {isa = PBXFileReference; fileEncoding = 4; lastKnownFileType = sourcecode.swift; path = CustomFlipTransition.swift; sourceTree = "<group>"; };
		26CE8F8E24A2F3B200A4D53C /* CustomCardLayout.swift */ = {isa = PBXFileReference; fileEncoding = 4; lastKnownFileType = sourcecode.swift; path = CustomCardLayout.swift; sourceTree = "<group>"; };
		26CE8F9024A2F3B200A4D53C /* MMCardCollectionView.swift */ = {isa = PBXFileReference; fileEncoding = 4; lastKnownFileType = sourcecode.swift; path = MMCardCollectionView.swift; sourceTree = "<group>"; };
		26CE8F9124A2F3B200A4D53C /* CollectionViewCalculate.swift */ = {isa = PBXFileReference; fileEncoding = 4; lastKnownFileType = sourcecode.swift; path = CollectionViewCalculate.swift; sourceTree = "<group>"; };
/* End PBXFileReference section */

/* Begin PBXFrameworksBuildPhase section */
		26CE8F3C24A2F29600A4D53C /* Frameworks */ = {
			isa = PBXFrameworksBuildPhase;
			buildActionMask = 2147483647;
			files = (
			);
			runOnlyForDeploymentPostprocessing = 0;
		};
		26CE8F5224A2F29800A4D53C /* Frameworks */ = {
			isa = PBXFrameworksBuildPhase;
			buildActionMask = 2147483647;
			files = (
			);
			runOnlyForDeploymentPostprocessing = 0;
		};
		26CE8F5D24A2F29800A4D53C /* Frameworks */ = {
			isa = PBXFrameworksBuildPhase;
			buildActionMask = 2147483647;
			files = (
			);
			runOnlyForDeploymentPostprocessing = 0;
		};
/* End PBXFrameworksBuildPhase section */

/* Begin PBXGroup section */
		26CE8F3624A2F29600A4D53C = {
			isa = PBXGroup;
			children = (
				26CE8F4124A2F29600A4D53C /* Cards */,
				26CE8F5824A2F29800A4D53C /* CardsTests */,
				26CE8F6324A2F29800A4D53C /* CardsUITests */,
				26CE8F4024A2F29600A4D53C /* Products */,
			);
			sourceTree = "<group>";
		};
		26CE8F4024A2F29600A4D53C /* Products */ = {
			isa = PBXGroup;
			children = (
				26CE8F3F24A2F29600A4D53C /* Cards.app */,
				26CE8F5524A2F29800A4D53C /* CardsTests.xctest */,
				26CE8F6024A2F29800A4D53C /* CardsUITests.xctest */,
			);
			name = Products;
			sourceTree = "<group>";
		};
		26CE8F4124A2F29600A4D53C /* Cards */ = {
			isa = PBXGroup;
			children = (
				26CE8F4224A2F29600A4D53C /* AppDelegate.swift */,
				26CE8F4B24A2F29800A4D53C /* Assets.xcassets */,
				26CE8F7B24A2F30C00A4D53C /* BannerCell */,
				26CE8F7224A2F30C00A4D53C /* CardCell */,
				26CE8F5024A2F29800A4D53C /* Info.plist */,
				26CE8F4D24A2F29800A4D53C /* LaunchScreen.storyboard */,
				26CE8F4824A2F29600A4D53C /* Main.storyboard */,
				26CE8F8624A2F3B200A4D53C /* MCardView */,
				26CE8F4424A2F29600A4D53C /* SceneDelegate.swift */,
				26CE8F4624A2F29600A4D53C /* ViewController.swift */,
			);
			path = Cards;
			sourceTree = "<group>";
		};
		26CE8F5824A2F29800A4D53C /* CardsTests */ = {
			isa = PBXGroup;
			children = (
				26CE8F5924A2F29800A4D53C /* CardsTests.swift */,
				26CE8F5B24A2F29800A4D53C /* Info.plist */,
			);
			path = CardsTests;
			sourceTree = "<group>";
		};
		26CE8F6324A2F29800A4D53C /* CardsUITests */ = {
			isa = PBXGroup;
			children = (
				26CE8F6424A2F29800A4D53C /* CardsUITests.swift */,
				26CE8F6624A2F29800A4D53C /* Info.plist */,
			);
			path = CardsUITests;
			sourceTree = "<group>";
		};
		26CE8F7224A2F30C00A4D53C /* CardCell */ = {
			isa = PBXGroup;
			children = (
				26CE8F7324A2F30C00A4D53C /* CardCCell.xib */,
				26CE8F7424A2F30C00A4D53C /* CardBCell.xib */,
				26CE8F7524A2F30C00A4D53C /* CardCCell.swift */,
				26CE8F7624A2F30C00A4D53C /* CardDCell.swift */,
				26CE8F7724A2F30C00A4D53C /* CardBCell.swift */,
				26CE8F7824A2F30C00A4D53C /* CardACell.xib */,
				26CE8F7924A2F30C00A4D53C /* CardACell.swift */,
			);
			path = CardCell;
			sourceTree = "<group>";
		};
		26CE8F7B24A2F30C00A4D53C /* BannerCell */ = {
			isa = PBXGroup;
			children = (
				26CE8F7C24A2F30C00A4D53C /* BannerViewCell.swift */,
			);
			path = BannerCell;
			sourceTree = "<group>";
		};
		26CE8F8624A2F3B200A4D53C /* MCardView */ = {
			isa = PBXGroup;
			children = (
				26CE8F8824A2F3B200A4D53C /* Extension */,
				26CE8F8B24A2F3B200A4D53C /* CardLayout */,
				26CE8F9024A2F3B200A4D53C /* MMCardCollectionView.swift */,
				26CE8F9124A2F3B200A4D53C /* CollectionViewCalculate.swift */,
			);
			path = MCardView;
			sourceTree = "<group>";
		};
		26CE8F8824A2F3B200A4D53C /* Extension */ = {
			isa = PBXGroup;
			children = (
				26CE8F8924A2F3B200A4D53C /* UIviewController+Current.swift */,
				26CE8F8A24A2F3B200A4D53C /* UIView+Shadow.swift */,
			);
			path = Extension;
			sourceTree = "<group>";
		};
		26CE8F8B24A2F3B200A4D53C /* CardLayout */ = {
			isa = PBXGroup;
			children = (
				26CE8F8C24A2F3B200A4D53C /* CardCell.swift */,
				26CE8F8D24A2F3B200A4D53C /* CustomFlipTransition.swift */,
				26CE8F8E24A2F3B200A4D53C /* CustomCardLayout.swift */,
			);
			path = CardLayout;
			sourceTree = "<group>";
		};
/* End PBXGroup section */

/* Begin PBXNativeTarget section */
		26CE8F3E24A2F29600A4D53C /* Cards */ = {
			isa = PBXNativeTarget;
			buildConfigurationList = 26CE8F6924A2F29800A4D53C /* Build configuration list for PBXNativeTarget "Cards" */;
			buildPhases = (
				26CE8F3B24A2F29600A4D53C /* Sources */,
				26CE8F3C24A2F29600A4D53C /* Frameworks */,
				26CE8F3D24A2F29600A4D53C /* Resources */,
			);
			buildRules = (
			);
			dependencies = (
			);
			name = Cards;
			productName = Cards;
			productReference = 26CE8F3F24A2F29600A4D53C /* Cards.app */;
			productType = "com.apple.product-type.application";
		};
		26CE8F5424A2F29800A4D53C /* CardsTests */ = {
			isa = PBXNativeTarget;
			buildConfigurationList = 26CE8F6C24A2F29800A4D53C /* Build configuration list for PBXNativeTarget "CardsTests" */;
			buildPhases = (
				26CE8F5124A2F29800A4D53C /* Sources */,
				26CE8F5224A2F29800A4D53C /* Frameworks */,
				26CE8F5324A2F29800A4D53C /* Resources */,
			);
			buildRules = (
			);
			dependencies = (
				26CE8F5724A2F29800A4D53C /* PBXTargetDependency */,
			);
			name = CardsTests;
			productName = CardsTests;
			productReference = 26CE8F5524A2F29800A4D53C /* CardsTests.xctest */;
			productType = "com.apple.product-type.bundle.unit-test";
		};
		26CE8F5F24A2F29800A4D53C /* CardsUITests */ = {
			isa = PBXNativeTarget;
			buildConfigurationList = 26CE8F6F24A2F29800A4D53C /* Build configuration list for PBXNativeTarget "CardsUITests" */;
			buildPhases = (
				26CE8F5C24A2F29800A4D53C /* Sources */,
				26CE8F5D24A2F29800A4D53C /* Frameworks */,
				26CE8F5E24A2F29800A4D53C /* Resources */,
			);
			buildRules = (
			);
			dependencies = (
				26CE8F6224A2F29800A4D53C /* PBXTargetDependency */,
			);
			name = CardsUITests;
			productName = CardsUITests;
			productReference = 26CE8F6024A2F29800A4D53C /* CardsUITests.xctest */;
			productType = "com.apple.product-type.bundle.ui-testing";
		};
/* End PBXNativeTarget section */

/* Begin PBXProject section */
		26CE8F3724A2F29600A4D53C /* Project object */ = {
			isa = PBXProject;
			attributes = {
				LastSwiftUpdateCheck = 1150;
				LastUpgradeCheck = 1150;
				ORGANIZATIONNAME = "Jz D";
				TargetAttributes = {
					26CE8F3E24A2F29600A4D53C = {
						CreatedOnToolsVersion = 11.5;
					};
					26CE8F5424A2F29800A4D53C = {
						CreatedOnToolsVersion = 11.5;
						TestTargetID = 26CE8F3E24A2F29600A4D53C;
					};
					26CE8F5F24A2F29800A4D53C = {
						CreatedOnToolsVersion = 11.5;
						TestTargetID = 26CE8F3E24A2F29600A4D53C;
					};
				};
			};
			buildConfigurationList = 26CE8F3A24A2F29600A4D53C /* Build configuration list for PBXProject "Cards" */;
			compatibilityVersion = "Xcode 9.3";
			developmentRegion = en;
			hasScannedForEncodings = 0;
			knownRegions = (
				en,
				Base,
			);
			mainGroup = 26CE8F3624A2F29600A4D53C;
			productRefGroup = 26CE8F4024A2F29600A4D53C /* Products */;
			projectDirPath = "";
			projectRoot = "";
			targets = (
				26CE8F3E24A2F29600A4D53C /* Cards */,
				26CE8F5424A2F29800A4D53C /* CardsTests */,
				26CE8F5F24A2F29800A4D53C /* CardsUITests */,
			);
		};
/* End PBXProject section */

/* Begin PBXResourcesBuildPhase section */
		26CE8F3D24A2F29600A4D53C /* Resources */ = {
			isa = PBXResourcesBuildPhase;
			buildActionMask = 2147483647;
			files = (
				26CE8F4F24A2F29800A4D53C /* LaunchScreen.storyboard in Resources */,
				26CE8F4C24A2F29800A4D53C /* Assets.xcassets in Resources */,
				26CE8F4A24A2F29600A4D53C /* Main.storyboard in Resources */,
				26CE8F8224A2F30C00A4D53C /* CardACell.xib in Resources */,
				26CE8F7E24A2F30C00A4D53C /* CardBCell.xib in Resources */,
				26CE8F7D24A2F30C00A4D53C /* CardCCell.xib in Resources */,
			);
			runOnlyForDeploymentPostprocessing = 0;
		};
		26CE8F5324A2F29800A4D53C /* Resources */ = {
			isa = PBXResourcesBuildPhase;
			buildActionMask = 2147483647;
			files = (
			);
			runOnlyForDeploymentPostprocessing = 0;
		};
		26CE8F5E24A2F29800A4D53C /* Resources */ = {
			isa = PBXResourcesBuildPhase;
			buildActionMask = 2147483647;
			files = (
			);
			runOnlyForDeploymentPostprocessing = 0;
		};
/* End PBXResourcesBuildPhase section */

/* Begin PBXSourcesBuildPhase section */
		26CE8F3B24A2F29600A4D53C /* Sources */ = {
			isa = PBXSourcesBuildPhase;
			buildActionMask = 2147483647;
			files = (
				26CE8F9924A2F3B200A4D53C /* MMCardCollectionView.swift in Sources */,
				26CE8F8024A2F30C00A4D53C /* CardDCell.swift in Sources */,
				26CE8F8324A2F30C00A4D53C /* CardACell.swift in Sources */,
				26CE8F9A24A2F3B200A4D53C /* CollectionViewCalculate.swift in Sources */,
				26CE8F4724A2F29600A4D53C /* ViewController.swift in Sources */,
				26CE8F9424A2F3B200A4D53C /* UIView+Shadow.swift in Sources */,
				26CE8F8124A2F30C00A4D53C /* CardBCell.swift in Sources */,
				26CE8F9624A2F3B200A4D53C /* CustomFlipTransition.swift in Sources */,
				26CE8F9324A2F3B200A4D53C /* UIviewController+Current.swift in Sources */,
				26CE8F4324A2F29600A4D53C /* AppDelegate.swift in Sources */,
				26CE8F4524A2F29600A4D53C /* SceneDelegate.swift in Sources */,
				26CE8F7F24A2F30C00A4D53C /* CardCCell.swift in Sources */,
				26CE8F9524A2F3B200A4D53C /* CardCell.swift in Sources */,
				26CE8F9724A2F3B200A4D53C /* CustomCardLayout.swift in Sources */,
				26CE8F8524A2F30C00A4D53C /* BannerViewCell.swift in Sources */,
			);
			runOnlyForDeploymentPostprocessing = 0;
		};
		26CE8F5124A2F29800A4D53C /* Sources */ = {
			isa = PBXSourcesBuildPhase;
			buildActionMask = 2147483647;
			files = (
				26CE8F5A24A2F29800A4D53C /* CardsTests.swift in Sources */,
			);
			runOnlyForDeploymentPostprocessing = 0;
		};
		26CE8F5C24A2F29800A4D53C /* Sources */ = {
			isa = PBXSourcesBuildPhase;
			buildActionMask = 2147483647;
			files = (
				26CE8F6524A2F29800A4D53C /* CardsUITests.swift in Sources */,
			);
			runOnlyForDeploymentPostprocessing = 0;
		};
/* End PBXSourcesBuildPhase section */

/* Begin PBXTargetDependency section */
		26CE8F5724A2F29800A4D53C /* PBXTargetDependency */ = {
			isa = PBXTargetDependency;
			target = 26CE8F3E24A2F29600A4D53C /* Cards */;
			targetProxy = 26CE8F5624A2F29800A4D53C /* PBXContainerItemProxy */;
		};
		26CE8F6224A2F29800A4D53C /* PBXTargetDependency */ = {
			isa = PBXTargetDependency;
			target = 26CE8F3E24A2F29600A4D53C /* Cards */;
			targetProxy = 26CE8F6124A2F29800A4D53C /* PBXContainerItemProxy */;
		};
/* End PBXTargetDependency section */

/* Begin PBXVariantGroup section */
		26CE8F4824A2F29600A4D53C /* Main.storyboard */ = {
			isa = PBXVariantGroup;
			children = (
				26CE8F4924A2F29600A4D53C /* Base */,
			);
			name = Main.storyboard;
			sourceTree = "<group>";
		};
		26CE8F4D24A2F29800A4D53C /* LaunchScreen.storyboard */ = {
			isa = PBXVariantGroup;
			children = (
				26CE8F4E24A2F29800A4D53C /* Base */,
			);
			name = LaunchScreen.storyboard;
			sourceTree = "<group>";
		};
/* End PBXVariantGroup section */

/* Begin XCBuildConfiguration section */
		26CE8F6724A2F29800A4D53C /* Debug */ = {
			isa = XCBuildConfiguration;
			buildSettings = {
				ALWAYS_SEARCH_USER_PATHS = NO;
				CLANG_ANALYZER_NONNULL = YES;
				CLANG_ANALYZER_NUMBER_OBJECT_CONVERSION = YES_AGGRESSIVE;
				CLANG_CXX_LANGUAGE_STANDARD = "gnu++14";
				CLANG_CXX_LIBRARY = "libc++";
				CLANG_ENABLE_MODULES = YES;
				CLANG_ENABLE_OBJC_ARC = YES;
				CLANG_ENABLE_OBJC_WEAK = YES;
				CLANG_WARN_BLOCK_CAPTURE_AUTORELEASING = YES;
				CLANG_WARN_BOOL_CONVERSION = YES;
				CLANG_WARN_COMMA = YES;
				CLANG_WARN_CONSTANT_CONVERSION = YES;
				CLANG_WARN_DEPRECATED_OBJC_IMPLEMENTATIONS = YES;
				CLANG_WARN_DIRECT_OBJC_ISA_USAGE = YES_ERROR;
				CLANG_WARN_DOCUMENTATION_COMMENTS = YES;
				CLANG_WARN_EMPTY_BODY = YES;
				CLANG_WARN_ENUM_CONVERSION = YES;
				CLANG_WARN_INFINITE_RECURSION = YES;
				CLANG_WARN_INT_CONVERSION = YES;
				CLANG_WARN_NON_LITERAL_NULL_CONVERSION = YES;
				CLANG_WARN_OBJC_IMPLICIT_RETAIN_SELF = YES;
				CLANG_WARN_OBJC_LITERAL_CONVERSION = YES;
				CLANG_WARN_OBJC_ROOT_CLASS = YES_ERROR;
				CLANG_WARN_RANGE_LOOP_ANALYSIS = YES;
				CLANG_WARN_STRICT_PROTOTYPES = YES;
				CLANG_WARN_SUSPICIOUS_MOVE = YES;
				CLANG_WARN_UNGUARDED_AVAILABILITY = YES_AGGRESSIVE;
				CLANG_WARN_UNREACHABLE_CODE = YES;
				CLANG_WARN__DUPLICATE_METHOD_MATCH = YES;
				COPY_PHASE_STRIP = NO;
				DEBUG_INFORMATION_FORMAT = dwarf;
				ENABLE_STRICT_OBJC_MSGSEND = YES;
				ENABLE_TESTABILITY = YES;
				GCC_C_LANGUAGE_STANDARD = gnu11;
				GCC_DYNAMIC_NO_PIC = NO;
				GCC_NO_COMMON_BLOCKS = YES;
				GCC_OPTIMIZATION_LEVEL = 0;
				GCC_PREPROCESSOR_DEFINITIONS = (
					"DEBUG=1",
					"$(inherited)",
				);
				GCC_WARN_64_TO_32_BIT_CONVERSION = YES;
				GCC_WARN_ABOUT_RETURN_TYPE = YES_ERROR;
				GCC_WARN_UNDECLARED_SELECTOR = YES;
				GCC_WARN_UNINITIALIZED_AUTOS = YES_AGGRESSIVE;
				GCC_WARN_UNUSED_FUNCTION = YES;
				GCC_WARN_UNUSED_VARIABLE = YES;
				IPHONEOS_DEPLOYMENT_TARGET = 13.5;
				MTL_ENABLE_DEBUG_INFO = INCLUDE_SOURCE;
				MTL_FAST_MATH = YES;
				ONLY_ACTIVE_ARCH = YES;
				SDKROOT = iphoneos;
				SWIFT_ACTIVE_COMPILATION_CONDITIONS = DEBUG;
				SWIFT_OPTIMIZATION_LEVEL = "-Onone";
			};
			name = Debug;
		};
		26CE8F6824A2F29800A4D53C /* Release */ = {
			isa = XCBuildConfiguration;
			buildSettings = {
				ALWAYS_SEARCH_USER_PATHS = NO;
				CLANG_ANALYZER_NONNULL = YES;
				CLANG_ANALYZER_NUMBER_OBJECT_CONVERSION = YES_AGGRESSIVE;
				CLANG_CXX_LANGUAGE_STANDARD = "gnu++14";
				CLANG_CXX_LIBRARY = "libc++";
				CLANG_ENABLE_MODULES = YES;
				CLANG_ENABLE_OBJC_ARC = YES;
				CLANG_ENABLE_OBJC_WEAK = YES;
				CLANG_WARN_BLOCK_CAPTURE_AUTORELEASING = YES;
				CLANG_WARN_BOOL_CONVERSION = YES;
				CLANG_WARN_COMMA = YES;
				CLANG_WARN_CONSTANT_CONVERSION = YES;
				CLANG_WARN_DEPRECATED_OBJC_IMPLEMENTATIONS = YES;
				CLANG_WARN_DIRECT_OBJC_ISA_USAGE = YES_ERROR;
				CLANG_WARN_DOCUMENTATION_COMMENTS = YES;
				CLANG_WARN_EMPTY_BODY = YES;
				CLANG_WARN_ENUM_CONVERSION = YES;
				CLANG_WARN_INFINITE_RECURSION = YES;
				CLANG_WARN_INT_CONVERSION = YES;
				CLANG_WARN_NON_LITERAL_NULL_CONVERSION = YES;
				CLANG_WARN_OBJC_IMPLICIT_RETAIN_SELF = YES;
				CLANG_WARN_OBJC_LITERAL_CONVERSION = YES;
				CLANG_WARN_OBJC_ROOT_CLASS = YES_ERROR;
				CLANG_WARN_RANGE_LOOP_ANALYSIS = YES;
				CLANG_WARN_STRICT_PROTOTYPES = YES;
				CLANG_WARN_SUSPICIOUS_MOVE = YES;
				CLANG_WARN_UNGUARDED_AVAILABILITY = YES_AGGRESSIVE;
				CLANG_WARN_UNREACHABLE_CODE = YES;
				CLANG_WARN__DUPLICATE_METHOD_MATCH = YES;
				COPY_PHASE_STRIP = NO;
				DEBUG_INFORMATION_FORMAT = "dwarf-with-dsym";
				ENABLE_NS_ASSERTIONS = NO;
				ENABLE_STRICT_OBJC_MSGSEND = YES;
				GCC_C_LANGUAGE_STANDARD = gnu11;
				GCC_NO_COMMON_BLOCKS = YES;
				GCC_WARN_64_TO_32_BIT_CONVERSION = YES;
				GCC_WARN_ABOUT_RETURN_TYPE = YES_ERROR;
				GCC_WARN_UNDECLARED_SELECTOR = YES;
				GCC_WARN_UNINITIALIZED_AUTOS = YES_AGGRESSIVE;
				GCC_WARN_UNUSED_FUNCTION = YES;
				GCC_WARN_UNUSED_VARIABLE = YES;
				IPHONEOS_DEPLOYMENT_TARGET = 13.5;
				MTL_ENABLE_DEBUG_INFO = NO;
				MTL_FAST_MATH = YES;
				SDKROOT = iphoneos;
				SWIFT_COMPILATION_MODE = wholemodule;
				SWIFT_OPTIMIZATION_LEVEL = "-O";
				VALIDATE_PRODUCT = YES;
			};
			name = Release;
		};
		26CE8F6A24A2F29800A4D53C /* Debug */ = {
			isa = XCBuildConfiguration;
			buildSettings = {
				ASSETCATALOG_COMPILER_APPICON_NAME = AppIcon;
				CODE_SIGN_STYLE = Automatic;
				DEVELOPMENT_TEAM = D878P8TW6L;
				INFOPLIST_FILE = Cards/Info.plist;
				IPHONEOS_DEPLOYMENT_TARGET = 13.1;
				LD_RUNPATH_SEARCH_PATHS = (
					"$(inherited)",
					"@executable_path/Frameworks",
				);
				PRODUCT_BUNDLE_IDENTIFIER = com.photod.mnc.Cards;
				PRODUCT_NAME = "$(TARGET_NAME)";
				SWIFT_VERSION = 5.0;
				TARGETED_DEVICE_FAMILY = "1,2";
			};
			name = Debug;
		};
		26CE8F6B24A2F29800A4D53C /* Release */ = {
			isa = XCBuildConfiguration;
			buildSettings = {
				ASSETCATALOG_COMPILER_APPICON_NAME = AppIcon;
				CODE_SIGN_STYLE = Automatic;
				DEVELOPMENT_TEAM = D878P8TW6L;
				INFOPLIST_FILE = Cards/Info.plist;
				IPHONEOS_DEPLOYMENT_TARGET = 13.1;
				LD_RUNPATH_SEARCH_PATHS = (
					"$(inherited)",
					"@executable_path/Frameworks",
				);
				PRODUCT_BUNDLE_IDENTIFIER = com.photod.mnc.Cards;
				PRODUCT_NAME = "$(TARGET_NAME)";
				SWIFT_VERSION = 5.0;
				TARGETED_DEVICE_FAMILY = "1,2";
			};
			name = Release;
		};
		26CE8F6D24A2F29800A4D53C /* Debug */ = {
			isa = XCBuildConfiguration;
			buildSettings = {
				ALWAYS_EMBED_SWIFT_STANDARD_LIBRARIES = YES;
				BUNDLE_LOADER = "$(TEST_HOST)";
				CODE_SIGN_STYLE = Automatic;
				DEVELOPMENT_TEAM = D878P8TW6L;
				INFOPLIST_FILE = CardsTests/Info.plist;
				IPHONEOS_DEPLOYMENT_TARGET = 13.5;
				LD_RUNPATH_SEARCH_PATHS = (
					"$(inherited)",
					"@executable_path/Frameworks",
					"@loader_path/Frameworks",
				);
				PRODUCT_BUNDLE_IDENTIFIER = com.photod.mnc.CardsTests;
				PRODUCT_NAME = "$(TARGET_NAME)";
				SWIFT_VERSION = 5.0;
				TARGETED_DEVICE_FAMILY = "1,2";
				TEST_HOST = "$(BUILT_PRODUCTS_DIR)/Cards.app/Cards";
			};
			name = Debug;
		};
		26CE8F6E24A2F29800A4D53C /* Release */ = {
			isa = XCBuildConfiguration;
			buildSettings = {
				ALWAYS_EMBED_SWIFT_STANDARD_LIBRARIES = YES;
				BUNDLE_LOADER = "$(TEST_HOST)";
				CODE_SIGN_STYLE = Automatic;
				DEVELOPMENT_TEAM = D878P8TW6L;
				INFOPLIST_FILE = CardsTests/Info.plist;
				IPHONEOS_DEPLOYMENT_TARGET = 13.5;
				LD_RUNPATH_SEARCH_PATHS = (
					"$(inherited)",
					"@executable_path/Frameworks",
					"@loader_path/Frameworks",
				);
				PRODUCT_BUNDLE_IDENTIFIER = com.photod.mnc.CardsTests;
				PRODUCT_NAME = "$(TARGET_NAME)";
				SWIFT_VERSION = 5.0;
				TARGETED_DEVICE_FAMILY = "1,2";
				TEST_HOST = "$(BUILT_PRODUCTS_DIR)/Cards.app/Cards";
			};
			name = Release;
		};
		26CE8F7024A2F29800A4D53C /* Debug */ = {
			isa = XCBuildConfiguration;
			buildSettings = {
				ALWAYS_EMBED_SWIFT_STANDARD_LIBRARIES = YES;
				CODE_SIGN_STYLE = Automatic;
				DEVELOPMENT_TEAM = D878P8TW6L;
				INFOPLIST_FILE = CardsUITests/Info.plist;
				LD_RUNPATH_SEARCH_PATHS = (
					"$(inherited)",
					"@executable_path/Frameworks",
					"@loader_path/Frameworks",
				);
				PRODUCT_BUNDLE_IDENTIFIER = com.photod.mnc.CardsUITests;
				PRODUCT_NAME = "$(TARGET_NAME)";
				SWIFT_VERSION = 5.0;
				TARGETED_DEVICE_FAMILY = "1,2";
				TEST_TARGET_NAME = Cards;
			};
			name = Debug;
		};
		26CE8F7124A2F29800A4D53C /* Release */ = {
			isa = XCBuildConfiguration;
			buildSettings = {
				ALWAYS_EMBED_SWIFT_STANDARD_LIBRARIES = YES;
				CODE_SIGN_STYLE = Automatic;
				DEVELOPMENT_TEAM = D878P8TW6L;
				INFOPLIST_FILE = CardsUITests/Info.plist;
				LD_RUNPATH_SEARCH_PATHS = (
					"$(inherited)",
					"@executable_path/Frameworks",
					"@loader_path/Frameworks",
				);
				PRODUCT_BUNDLE_IDENTIFIER = com.photod.mnc.CardsUITests;
				PRODUCT_NAME = "$(TARGET_NAME)";
				SWIFT_VERSION = 5.0;
				TARGETED_DEVICE_FAMILY = "1,2";
				TEST_TARGET_NAME = Cards;
			};
			name = Release;
		};
/* End XCBuildConfiguration section */

/* Begin XCConfigurationList section */
		26CE8F3A24A2F29600A4D53C /* Build configuration list for PBXProject "Cards" */ = {
			isa = XCConfigurationList;
			buildConfigurations = (
				26CE8F6724A2F29800A4D53C /* Debug */,
				26CE8F6824A2F29800A4D53C /* Release */,
			);
			defaultConfigurationIsVisible = 0;
			defaultConfigurationName = Release;
		};
		26CE8F6924A2F29800A4D53C /* Build configuration list for PBXNativeTarget "Cards" */ = {
			isa = XCConfigurationList;
			buildConfigurations = (
				26CE8F6A24A2F29800A4D53C /* Debug */,
				26CE8F6B24A2F29800A4D53C /* Release */,
			);
			defaultConfigurationIsVisible = 0;
			defaultConfigurationName = Release;
		};
		26CE8F6C24A2F29800A4D53C /* Build configuration list for PBXNativeTarget "CardsTests" */ = {
			isa = XCConfigurationList;
			buildConfigurations = (
				26CE8F6D24A2F29800A4D53C /* Debug */,
				26CE8F6E24A2F29800A4D53C /* Release */,
			);
			defaultConfigurationIsVisible = 0;
			defaultConfigurationName = Release;
		};
		26CE8F6F24A2F29800A4D53C /* Build configuration list for PBXNativeTarget "CardsUITests" */ = {
			isa = XCConfigurationList;
			buildConfigurations = (
				26CE8F7024A2F29800A4D53C /* Debug */,
				26CE8F7124A2F29800A4D53C /* Release */,
			);
			defaultConfigurationIsVisible = 0;
			defaultConfigurationName = Release;
		};
/* End XCConfigurationList section */
	};
	rootObject = 26CE8F3724A2F29600A4D53C /* Project object */;
}
